apiVersion: vendir.k14s.io/v1alpha1
directories:
- contents:
  - githubRelease:
      url: https://api.github.com/repos/kubernetes-sigs/metrics-server/releases/43774310
    path: .
  path: vendor/github.com/kubernetes-sigs/metrics-server
- contents:
  - directory: {}
    path: .
  path: metrics-server/templates/upstream
- contents:
  - git:
      commitTitle: Fix changelog generation...
      sha: e07b392a554acacb55510eece3def3663790c479
      tags:
      - v1.6.0
    path: .
  path: vendor/github.com/hetznercloud/csi-driver
- contents:
  - directory: {}
    path: .
  path: hcloud-csi/templates/upstream
- contents:
  - git:
      commitTitle: '[Helm] Add labels to resources (#6992)...'
      sha: 30c0d2260d61fb942bb12ebf829e93dcb0b19988
      tags:
      - helm-chart-4.0.9
    path: .
  path: vendor/github.com/kubernetes/ingress-nginx
- contents:
  - directory: {}
    path: .
  path: ingress-nginx/templates/upstream
- contents:
  - git:
      commitTitle: fix Google's Secret Name (#69)
      sha: 56cd20e10d12fc9dbbb52eb8c079b9c0e44203a8
      tags:
      - oauth2-proxy-5.0.5
    path: .
  path: vendor/github.com/oauth2-proxy/manifests
- contents:
  - directory: {}
    path: .
  path: oauth2-proxy/build/chart
- contents:
  - githubRelease:
      url: https://api.github.com/repos/jetstack/cert-manager/releases/52450067
    path: .
  path: vendor/github.com/jetstack/cert-manager
- contents:
  - directory: {}
    path: .
  path: cert-manager/templates/upstream
- contents:
  - git:
      commitTitle: Prepare for v2.4.0 release (#6536)...
      sha: e75ebcf688d3b7edff2a050332c8e86ca1e47e12
      tags:
      - v2.4.0
    path: .
  path: vendor/github.com/kubernetes/dashboard
- contents:
  - directory: {}
    path: .
  path: kubernetes-dashboard/templates/upstream
- contents:
  - git:
      commitTitle: 'Merge pull request #1285 from lilic/merge-master-2.0...'
      sha: 9862ba2f1e98afaf4f4e92c9aae6ba8af12eb995
      tags:
      - v2.0.0-alpha.2
    path: .
  path: vendor/github.com/kubernetes/kube-state-metrics
- contents:
  - directory: {}
    path: .
  path: monitoring/kube-state-metrics/templates/upstream
- contents:
  - git:
      commitTitle: 'docs(prometheus): updating README for prometheus chart to reflect
        new install location for kube-stat (#1486)...'
      sha: 3d2266b7011d6dd89d0afbba6c40b56c92bf09cb
      tags:
      - prometheus-14.11.1
    path: .
  path: vendor/github.com/prometheus-community/helm-charts
- contents:
  - directory: {}
    path: .
  path: monitoring/prometheus/build/chart
- contents:
  - git:
      commitTitle: 'Merge pull request #834 from rverenich/grafana-8.2.5...'
      sha: d01908676fd7b823c410dab2645681404e6a1a27
      tags:
      - grafana-6.17.7
    path: .
  path: vendor/github.com/grafana/helm-charts
- contents:
  - directory: {}
    path: .
  path: monitoring/grafana/build/chart
- contents:
  - git:
      commitTitle: 'Loki Release: update release notes and docs (#2808)...'
      sha: 6978ee5d73878d7406bda68296a3dd8ecda4d538
      tags:
      - v2.0.0
    path: .
  path: vendor/github.com/grafana/loki
- contents:
  - directory: {}
    path: .
  path: monitoring/loki/build/charts/loki
- contents:
  - directory: {}
    path: .
  path: monitoring/loki/build/charts/promtail
kind: LockConfig
